
Microsoft Visual Studio Solution File, Format Version 12.00
# Visual Studio 15
VisualStudioVersion = 15.0.28307.1231
MinimumVisualStudioVersion = 10.0.40219.1
Project("{FAE04EC0-301F-11D3-BF4B-00C04F79EFBC}") = "HVCheck", "HVCheck\HVCheck.csproj", "{17D7FB2D-8DEE-450B-A0C9-094C750457CE}"
EndProject
Global
	GlobalSection(SolutionConfigurationPlatforms) = preSolution
		Debug|Any CPU = Debug|Any CPU
		Debug|x86 = Debug|x86
		Release|Any CPU = Release|Any CPU
		Release|x86 = Release|x86
	EndGlobalSection
	GlobalSection(ProjectConfigurationPlatforms) = postSolution
		{17D7FB2D-8DEE-450B-A0C9-094C750457CE}.Debug|Any CPU.ActiveCfg = Debug|Any CPU
		{17D7FB2D-8DEE-450B-A0C9-094C750457CE}.Debug|Any CPU.Build.0 = Debug|Any CPU
		{17D7FB2D-8DEE-450B-A0C9-094C750457CE}.Debug|x86.ActiveCfg = Debug|x86
		{17D7FB2D-8DEE-450B-A0C9-094C750457CE}.Debug|x86.Build.0 = Debug|x86
		{17D7FB2D-8DEE-450B-A0C9-094C750457CE}.Release|Any CPU.ActiveCfg = Release|Any CPU
		{17D7FB2D-8DEE-450B-A0C9-094C750457CE}.Release|Any CPU.Build.0 = Release|Any CPU
		{17D7FB2D-8DEE-450B-A0C9-094C750457CE}.Release|x86.ActiveCfg = Release|x86
		{17D7FB2D-8DEE-450B-A0C9-094C750457CE}.Release|x86.Build.0 = Release|x86
	EndGlobalSection
	GlobalSection(SolutionProperties) = preSolution
		HideSolutionNode = FALSE
	EndGlobalSection
	GlobalSection(ExtensibilityGlobals) = postSolution
		SolutionGuid = {F4F18305-E5BD-4E1B-B64B-E9C06E7020E3}
	EndGlobalSection
EndGlobal
